{
  "version": 1,
  "repo": "zero-phoenix/zeruel-corpus",
  "commit": "dbb4d1c589feeee7005344aff675c798a87fe78a",
  "file_count": 195,
  "files": {
    ".github/workflows/headless-integrity.yml": "56d53de28a7ccf0982313f7b68e9a94aea08cfdc0c7ab3829ca84dc8718da7bd",
    "README.md": "bbc7f9dc78cbb98e7a8a26dce1b34bd003677d3f8afabaca2c2dfab069d0c655",
    "knowledge/borrador_3017.txt": "a27af529ec0ccf28ed76b0e5bfb5669a0df87613f7ca45c4b0f3d87e1c957f49",
    "knowledge/borrador_3057.txt": "ee986ad374773ed700b1775b4f21f1bbc1c1fd2fc12fe1319547e669931d973a",
    "knowledge/borrador_3075.txt": "1d045833302ae8e3978d8a7649234e318a0b0c0cbd010241ca01408358e8f760",
    "knowledge/private_index/catalog.json": "a2da0722a94ef656016867c965a3a837d3993502aebfeacfcd72aa807f61d889",
    "knowledge/private_index/documents.jsonl": "dd8fe335331fb0d2831b0a5fe85039719b2a037fb995a31455f4e4dace5e60f9",
    "knowledge/private_index/workbooks.jsonl": "4ccdc6cb8168f8419328a2240e623cbe7ac67a1e78ad809cb80153ae59313c95",
    "knowledge/private_sources/documentos/Apelaciones ingresadas.xlsx": "847e9f518f06330424df3149d95b0420332df7c595d14255d2981dd2f3887c29",
    "knowledge/private_sources/documentos/PRODUCCION DE TRABAJO AGOSTO 2026/2026-08-03 LUNES/ADM 2245-2026 R1.docx": "36c9371174d864d536beb33bb3244826166d39404a4f99280a7b039a72a7fa12",
    "knowledge/private_sources/documentos/PRODUCCION DE TRABAJO AGOSTO 2026/2026-08-03 LUNES/ADM 2312-2026 R2.docx": "00941df9f52c1d54e4ac1ebc7a29e7f8ce6e4286f00964abc017d85f9a1c8bb5",
    "knowledge/private_sources/documentos/PRODUCCION DE TRABAJO AGOSTO 2026/2026-08-03 LUNES/ADM+CONFI 2349-2026 R0281-2026.docx": "86f659b246478331e38de4e96c9eb73911b6ed3da616c7226bc0bf9ee46a70e1",
    "knowledge/private_sources/documentos/PRODUCCION DE TRABAJO AGOSTO 2026/2026-08-03 LUNES/REQ 2476-2026 R1.docx": "65e77105221366c93cd44a5e598b9dc42712859d8d269501e9d74fd553f89f99",
    "knowledge/private_sources/documentos/PRODUCCION DE TRABAJO AGOSTO 2026/2026-08-04 MARTES/ADM 2251-2026 R2.docx": "6b3730065ece25ce2811ce9dcd9bc2229f3bf857d7ffcf12d503f5569c0a2acb",
    "knowledge/private_sources/documentos/PRODUCCION DE TRABAJO AGOSTO 2026/2026-08-04 MARTES/ADM 2266-2026 R2.docx": "909a6a6a7e4cd9e08ecbdf4fde234fe3534713e90f5d0d08538f27f266ae768f",
    "knowledge/private_sources/documentos/PRODUCCION DE TRABAJO AGOSTO 2026/2026-08-04 MARTES/ADM 2307-2026 R2.docx": "d6ca4289d3806bbef30a5d1c1f909ca872da6dca93e6458aaf975dfb18201a68",
    "knowledge/private_sources/documentos/PRODUCCION DE TRABAJO AGOSTO 2026/2026-08-05 MIERCOLES/ADM 2268-2026 R1.docx": "cfd959496432d2110145de18981648481936aef858ad94d4db9f303c99c34c12",
    "knowledge/private_sources/documentos/PRODUCCION DE TRABAJO AGOSTO 2026/2026-08-05 MIERCOLES/ADM 2271-2026 R3 - ok[F].pdf": "ad9afe36d39eba55b80b0e489b6bd3de5d5f490c2814ad321fba51341515320a",
    "knowledge/private_sources/documentos/PRODUCCION DE TRABAJO AGOSTO 2026/2026-08-05 MIERCOLES/ADM 2330-2026 R2.pdf": "2d39587735b80753b2b1dc63cdfb920159c10b881f79866e624ff3a448c964b2",
    "knowledge/private_sources/documentos/PRODUCCION DE TRABAJO AGOSTO 2026/2026-08-05 MIERCOLES/ADM 2347-2026 R1.docx": "ef6d3005797e826da6b1af49d4236464739ab689e9881d4ce8be9f2dbff3abbc",
    "knowledge/private_sources/documentos/PRODUCCION DE TRABAJO AGOSTO 2026/2026-08-05 MIERCOLES/CAUTELAR 2266-2026 RXX - comple.docx": "b255ced581daa9d6a3f45e7fe3b64d6b6224824441fbf41be65ec39b2a572305",
    "knowledge/private_sources/documentos/PRODUCCION DE TRABAJO AGOSTO 2026/2026-08-05 MIERCOLES/CONFI PDT 2437-2026 RXX.docx": "552774b95e473d6d468b407d0d403584c7cd192002b5693127b056f5f3aea6d7",
    "knowledge/private_sources/documentos/PRODUCCION DE TRABAJO AGOSTO 2026/2026-08-05 MIERCOLES/CONFI PDT 2471-2026 R0284-2026.docx": "95140abd905b960694c3c75ef5b352ec7cbab6af49be9aa718919a3d77902d41",
    "knowledge/private_sources/documentos/PRODUCCION DE TRABAJO AGOSTO 2026/2026-08-05 MIERCOLES/IMPRO SUSALUD 2435-2026 RXX.docx": "cb6e7fcb63f79fe8acfc478492ae1bdd5ad371927ba262a618be40d94c2728e9",
    "knowledge/private_sources/documentos/PRODUCCION DE TRABAJO AGOSTO 2026/2026-08-05 MIERCOLES/IMPRO SUSALUD 2442-2026 RXX.docx": "bc5bb0ca3d06fad9b4161f864a356628e05f652cd8a7a9474ba673d6dadd244c",
    "knowledge/private_sources/documentos/PRODUCCION DE TRABAJO AGOSTO 2026/2026-08-07 VIERNES/ADM 2317-2026 R1.docx": "bc4b9fa0ff7041c88644107e33e2cbeaf61468e422764ea4f88e034fe0fb20e7",
    "knowledge/private_sources/documentos/PRODUCCION DE TRABAJO AGOSTO 2026/2026-08-07 VIERNES/ADM 2373-2026 R1.docx": "fd3c365acd4ed63f586eeb7a5a17ba3f050e5860cdabf8a1792053f04d7936ff",
    "knowledge/private_sources/documentos/PRODUCCION DE TRABAJO AGOSTO 2026/2026-08-07 VIERNES/ADM 2379-2026 R2.docx": "2de2d36d1a1e59df32cf0ee342dd324d7b1d20e3247b88d943f1dcbc1cc61d73",
    "knowledge/private_sources/documentos/PRODUCCION DE TRABAJO AGOSTO 2026/2026-08-07 VIERNES/ADM 2381-2026 R1.docx": "2c80e5ba36c564a6a6f2368f228c21a6dfe0ce41ec5c7902e85d2f63b59439ec",
    "knowledge/private_sources/documentos/PRODUCCION DE TRABAJO AGOSTO 2026/2026-08-07 VIERNES/ADM 2431-2026 R2.docx": "eebce228a9f1e4c3623768ea86c3e338c28e4b8e8ed1fd4d708749273028512d",
    "knowledge/private_sources/documentos/PRODUCCION DE TRABAJO AGOSTO 2026/2026-08-07 VIERNES/ADM 2436-2026 R2.docx": "c449b2201e09f0ab284db01995d2e1c17af8e774cdac30c5a3cd3846b27485db",
    "knowledge/private_sources/documentos/PRODUCCION DE TRABAJO AGOSTO 2026/2026-08-07 VIERNES/ADM 2465-2026 R2.docx": "4640e79f5f7797d046f59b1741a83abdb077e181225a200e622b02f2e725fd61",
    "knowledge/private_sources/documentos/PRODUCCION DE TRABAJO AGOSTO 2026/2026-08-10 LUNES/IFI 0384-2026 RXX.docx": "5ff05a8049a926e53cf4813799e90a97638eb5e2755c6d5a1db5297798310104",
    "knowledge/private_sources/documentos/PRODUCCION DE TRABAJO AGOSTO 2026/2026-08-10 LUNES/IFI 0467-2026 RXX.docx": "e3616e7ddcc8d8631cafe097438981a468e4e91bb3503a836160f579d254e42b",
    "knowledge/private_sources/documentos/PRODUCCION DE TRABAJO AGOSTO 2026/2026-08-10 LUNES/REQ 2486-2026 R1.docx": "cc8ead9b866818835adc15512fdede792c94e054a56f49e46ab8ee0cb770035f",
    "knowledge/private_sources/documentos/PRODUCCION DE TRABAJO AGOSTO 2026/2026-08-10 LUNES/REQ 2487-2026 R1.docx": "8a66bdf8b14c1706842fb3916781bbef6b70b9455767419544016cf9827b6f20",
    "knowledge/private_sources/documentos/PRODUCCION DE TRABAJO AGOSTO 2026/2026-08-10 LUNES/REQ 2488-2026 R1.docx": "54b23ba260539808392dc46cb30f766e12636935c46a1b8d650c317b205c66b5",
    "knowledge/private_sources/documentos/PRODUCCION DE TRABAJO AGOSTO 2026/2026-08-10 LUNES/REQ 2512-2026 R1.docx": "cca317ea2e9ac124878ae4e4aec1c58b77cb330c7ef12432bbd5b45340c8bb69",
    "knowledge/private_sources/documentos/PRODUCCION DE TRABAJO AGOSTO 2026/2026-08-10 LUNES/REQ 2541-2026 R1.docx": "dd5e21f8c320c39f7c7b8f9b9f4c4ef40b3619f60abd96794dd95fd7c4799476",
    "knowledge/private_sources/documentos/PRODUCCION DE TRABAJO AGOSTO 2026/2026-08-10 LUNES/REQ 2549-2026 R1.docx": "ab04b6b8f5b5d8fa965726ccbdb6b9b095738230bbbd55fe111f34140cf525c7",
    "knowledge/private_sources/documentos/PRODUCCION DE TRABAJO AGOSTO 2026/2026-08-11 MARTES/ESTESE 997-2026 R3.docx": "51444c9af4d187ffd777c229aaf25200a5322784d5774a1cfbd24c3d149685e4",
    "knowledge/private_sources/documentos/PRODUCCION DE TRABAJO AGOSTO 2026/2026-08-11 MARTES/INAD 2400-2026 R2.docx": "6642d21ac20dfae9bf1f2ee297957af1ea0952615d7fd69f16ce98d56c339a9a",
    "knowledge/private_sources/documentos/PRODUCCION DE TRABAJO AGOSTO 2026/2026-08-11 MARTES/INAD 2470-2026 R2.docx": "e89ad4cdd50c41a5aa763478dda34f83026b5af4a17afb63207c3a38ff140fc3",
    "knowledge/private_sources/documentos/PRODUCCION DE TRABAJO AGOSTO 2026/2026-08-11 MARTES/REQ 2562-2026 R1.docx": "8b380bc4e69c4b9cf264cc4393b23fef4c8fc7bb41fcad2ea3a0bb51e142840e",
    "knowledge/private_sources/documentos/PRODUCCION DE TRABAJO AGOSTO 2026/2026-08-12 MIERCOLES/ADM 0509-2025 R4.docx": "5b5e7f0831990992dc6092b651ed319a66b7168293afb852774dd2f9a94c0525",
    "knowledge/private_sources/documentos/PRODUCCION DE TRABAJO AGOSTO 2026/2026-08-12 MIERCOLES/REQ 1861-2024 R9.docx": "27e8f4cf551c5e4645d4798ece2d83f88f45c436bddb18a147f9a9dcbc2e2d70",
    "knowledge/private_sources/documentos/PRODUCCION DE TRABAJO AGOSTO 2026/2026-08-12 MIERCOLES/REQ 2460-2026 R1.docx": "1d882309be04b33802511b708ff0c4b25b3806d8a97eb3c316fc5d6c989ad3c2",
    "knowledge/private_sources/documentos/PRODUCCION DE TRABAJO AGOSTO 2026/2026-08-12 MIERCOLES/REQ 2478-2026 R1.docx": "dd056722e31a84325b22a76d573d7c9db7a7006aefd35a30af37dc47d50daa85",
    "knowledge/private_sources/documentos/PRODUCCION DE TRABAJO AGOSTO 2026/2026-08-12 MIERCOLES/REQ 2548-2026 R1.docx": "fe4a1280cd5e545e15aa8c0788ec175d5b51b74927969f3a0245d84ead7edb90",
    "knowledge/private_sources/documentos/PRODUCCION DE TRABAJO AGOSTO 2026/2026-08-12 MIERCOLES/REQ 2601-2026 R1.docx": "1303d878fd012b11f0f721a0baaee552bbd17ad37250a408735ed007d016b970",
    "knowledge/private_sources/documentos/PRODUCCION DE TRABAJO AGOSTO 2026/2026-08-12 MIERCOLES/REQ 2604-2026 R1.docx": "89fc1e97e66175aa46cadd133f85c1b0ec5d43ae891f267d12c35fe8e358fbc4",
    "knowledge/private_sources/documentos/PRODUCCION DE TRABAJO AGOSTO 2026/2026-08-12 MIERCOLES/REQ 2606-2026 R1.docx": "c22e806a27e75137b718e4f5ed65fc172b456a30e194e83ef89a966fe3fb510d",
    "knowledge/private_sources/documentos/PRODUCCION DE TRABAJO AGOSTO 2026/2026-08-12 MIERCOLES/REQ 2628-2026 R1.docx": "7def6f6e420ebda7565ed1966d77ed26d8909cae496e1a0ccbeba525f9bac6ea",
    "knowledge/private_sources/documentos/PRODUCCION DE TRABAJO AGOSTO 2026/2026-08-12 MIERCOLES/REQ 2638-2026 R1.docx": "441e13a27ad2c906333c3a69ebac66e5e486a66497460c35cd38267f9d962e90",
    "knowledge/private_sources/documentos/PRODUCCION DE TRABAJO AGOSTO 2026/2026-08-13 JUEVES/listo IMPRO PDT 2437-2026 RXX.docx": "c771e32a48d90ab2f38057e246a558fd5961c20dd45f8dca3b12e2f1827c9801",
    "knowledge/private_sources/documentos/PRODUCCION DE TRABAJO AGOSTO 2026/2026-08-13 JUEVES/listo IMPRO PDT 2471-2026 RXX.docx": "43423ca83ba70d322345685ff90513278092f4ac89c3e0e1a8a8eaebc9615df2",
    "knowledge/private_sources/documentos/PRODUCCION DE TRABAJO AGOSTO 2026/2026-08-13 JUEVES/listo IMPRO SBS 2532-2026 RXX.docx": "891aa2de75e728a09b25c88d985956a450715d47cd48e3ae3e992b72f56b975f",
    "knowledge/private_sources/documentos/PRODUCCION DE TRABAJO AGOSTO 2026/2026-08-13 JUEVES/listo IMPRO SBS 2561-2026 RXX.docx": "3ef8290c0e64ae2d3810e5ce518607f624d9a18b1645acd782222ef88c61dd1d",
    "knowledge/private_sources/documentos/PRODUCCION DE TRABAJO AGOSTO 2026/2026-08-13 JUEVES/listo IMPRO SUSALUD 2445-2026 RXX.docx": "f469bf3e895e0666c5afb8ffe322ab5a83cadbc30b581555984f2a5e9264e024",
    "knowledge/private_sources/documentos/PRODUCCION DE TRABAJO AGOSTO 2026/2026-08-13 JUEVES/listo IMPRO SUSALUD 2464-2026 RXX corregidoo.docx": "5c91046e058afb7c65b4441b745ab84572b5442a22a1cccec09be42ce2ed1100",
    "knowledge/private_sources/documentos/PRODUCCION DE TRABAJO AGOSTO 2026/2026-08-13 JUEVES/listo IMPRO SUSALUD 2531-2026 RXX.docx": "e6cc6ce98e552c6d2400cad583502210f3067111346ad17aa8d3cc4ac3147ae0",
    "knowledge/private_sources/documentos/PRODUCCION DE TRABAJO AGOSTO 2026/2026-08-13 JUEVES/listo IMPRO SUSALUD 2626-2026 RXX.docx": "6841b2e211a50c88c9e8a65f01b65ddca38e64e2d0ac8127bd3e7c745e1e76b7",
    "knowledge/private_sources/documentos/PRODUCCION DE TRABAJO AGOSTO 2026/2026-08-14 VIERNES/ADM+CONFI 2487-2026 RXX.docx": "89150900411f76806a523a4cc74f202ef025b2d74f61e1432bddb91bce219c4e",
    "knowledge/private_sources/documentos/PRODUCCION DE TRABAJO AGOSTO 2026/2026-08-17 LUNES/ADM 2516-2026 R1.docx": "d87b956cb9d5576726ffc7b3dff37c68b1581ee5ec0b5d12a6f3f794b1a673dd",
    "knowledge/private_sources/documentos/PRODUCCION DE TRABAJO AGOSTO 2026/2026-08-17 LUNES/ADM 2564-2026 R1.docx": "7feeef71e1bf7ef7fe7372b51ad769ee3095d929792764db1d8444ff766a37d4",
    "knowledge/private_sources/documentos/PRODUCCION DE TRABAJO AGOSTO 2026/2026-08-18 MARTES/499-2026-CC1-APE R1.docx": "1bc498ead7a0a473ef8f94c745eff1ceaa0d524374830d8cb58238c872769bd8",
    "knowledge/private_sources/documentos/PRODUCCION DE TRABAJO AGOSTO 2026/2026-08-18 MARTES/516-2026-CC1-APE R1.docx": "ea18f2321a0b6ba38168eb978b1280feab5c9ca1269c1ce6c8b7cb088d8bd401",
    "knowledge/private_sources/documentos/PRODUCCION DE TRABAJO AGOSTO 2026/2026-08-18 MARTES/532-2026-CC1-APE R1.docx": "5a1ef7cb52adfd5ec9140170ecd7696252ee739e2e4d22079223fffaea25c7a2",
    "knowledge/private_sources/documentos/PRODUCCION DE TRABAJO AGOSTO 2026/2026-08-18 MARTES/533-2026-CC1-APE  R1.docx": "c81fdd821370d9069b6a019118a6b39dfdaa225fa0b2ffc81315dd985ac4c35f",
    "knowledge/private_sources/documentos/PRODUCCION DE TRABAJO AGOSTO 2026/2026-08-18 MARTES/542-2026-CC1-APE R1.docx": "8b3dc7fa30e60ae6f52f92b69067225ed10e6522608d9f4218aac07542a8a111",
    "knowledge/private_sources/documentos/PRODUCCION DE TRABAJO AGOSTO 2026/2026-08-18 MARTES/544-2026-CC1-APE R1.docx": "8c87bf8ed941c2989bc64a0e433487e92ed43368687d64a7bb90e31c0ba1844a",
    "knowledge/private_sources/documentos/PRODUCCION DE TRABAJO AGOSTO 2026/2026-08-18 MARTES/546-2026-CC1-APE R1.docx": "b56c9568ac8c9634b13ac47ad4a2818aea71983b9ab57da0bb0579c98f94e74b",
    "knowledge/private_sources/documentos/PRODUCCION DE TRABAJO AGOSTO 2026/2026-08-18 MARTES/548-2026-CC1-APE R1.docx": "eb40bdf6008f61c3bc818fd085f94c45eb237627dd716f57c0179207b3123955",
    "knowledge/private_sources/documentos/PRODUCCION DE TRABAJO AGOSTO 2026/2026-08-18 MARTES/571-2026-CC1-APE R1.docx": "f4431124bb96424bf1de6d4c2fe4bb7d4ca7580166981dd893e41ec761479f5d",
    "knowledge/private_sources/documentos/PRODUCCION DE TRABAJO AGOSTO 2026/2026-08-19 MIERCOLES/INAD 2460-2026 R2.docx": "adf91a89836c0e47621448f411fbe6e468b4c198d458a8f08e97fb7f288835ab",
    "knowledge/private_sources/documentos/PRODUCCION DE TRABAJO AGOSTO 2026/2026-08-19 MIERCOLES/INAD 2486-2026 R2.docx": "687e3455eecba2e664b1d7d7e88f9b34ff9319b38c12d4aaa850605bc5985c52",
    "knowledge/private_sources/documentos/PRODUCCION DE TRABAJO AGOSTO 2026/2026-08-19 MIERCOLES/INAD 2488-2026 R2.docx": "b424b69923bd1ee8884145847ba78aba670f9d0a4f61d538b2eb52c82f16ab3e",
    "knowledge/private_sources/documentos/PRODUCCION DE TRABAJO AGOSTO 2026/2026-08-19 MIERCOLES/INAD 2512-2026 R2.docx": "743b9a7e98b3e9aef2d134373dc86ad7d4bdddf5c647fd2553c6d251d1c348b6",
    "knowledge/private_sources/documentos/PRODUCCION DE TRABAJO AGOSTO 2026/2026-08-19 MIERCOLES/INAD 2562-2026 R2.docx": "54ca1405f0eb0b32b0020c58380bcd6bf0bb93ae8e1774d471273c9c99f911e8",
    "knowledge/private_sources/documentos/PRODUCCION DE TRABAJO AGOSTO 2026/2026-08-19 MIERCOLES/REQ 2616-2026 R1.docx": "7e3291cd7740ee95f3940a8ebf3114e0a697bcaea6d898a07aa149b2c81b9df7",
    "knowledge/private_sources/documentos/PRODUCCION DE TRABAJO AGOSTO 2026/2026-08-20 JUEVES/IMPRO SUSALUD 2606-2026 RXX.docx": "076e12aa500454ebf6420acc488d191b6496023ed569cdec2ddb640d4c791101",
    "knowledge/private_sources/documentos/PRODUCCION DE TRABAJO AGOSTO 2026/2026-08-20 JUEVES/IMPRO SUSALUD 2858-2026 RXX.docx": "512b21a270c26850dcd92893c03c5440257d3b2637f76bdd82bcc4396027008a",
    "knowledge/private_sources/documentos/PRODUCCION DE TRABAJO AGOSTO 2026/2026-08-21 VIERNES/ADM 2384-2026 R2.docx": "d79988fb02563cbb65784b7c6f1734c7ac169aaeb45483fd5105df9463b45344",
    "knowledge/private_sources/documentos/PRODUCCION DE TRABAJO AGOSTO 2026/2026-08-21 VIERNES/ADM 2621-2026 R1.docx": "8cfb191a4dc11e91af721d6fcb1f945905a9fce9402c27d92f32a335573efa0d",
    "knowledge/private_sources/documentos/PRODUCCION DE TRABAJO AGOSTO 2026/2026-08-21 VIERNES/ADM 2640-2026 R1.docx": "1224054575ccb1daafd8ef0a63308c24c31fe01c97b3118f3f5a61ad0920ef66",
    "knowledge/private_sources/documentos/PRODUCCION DE TRABAJO AGOSTO 2026/2026-08-21 VIERNES/ADM 2658-2026 R1.docx": "b7c991302553c674dbb2e8aa841f54b563c6c462ec40f52509645ba702008c04",
    "knowledge/private_sources/documentos/PRODUCCION DE TRABAJO AGOSTO 2026/2026-08-21 VIERNES/INAD 2601-2026 R2.docx": "93a252cec24d7777d606f40fa0ec4f80c269a9f411579519fe61ab6d7845bdff",
    "knowledge/private_sources/documentos/PRODUCCION DE TRABAJO AGOSTO 2026/2026-08-21 VIERNES/REQ 2662-2026 R2.docx": "c1b333663446b6ceb601c1bfd4e37e47572c1aee6326f21c8b0fb0732dddf7c1",
    "knowledge/private_sources/documentos/PRODUCCION DE TRABAJO AGOSTO 2026/2026-08-21 VIERNES/REQ 2671-2026 R1.docx": "e4aa58fa116afca5769b3a5ce23786ec0189ef8d806ed51744e885871cf0767d",
    "knowledge/private_sources/documentos/PRODUCCION DE TRABAJO AGOSTO 2026/2026-08-21 VIERNES/REQ 2672-2026 R1.docx": "1751cca571766051aad13f9ca0b5248f60a10c7aa6efcca9437724103dbc411f",
    "knowledge/private_sources/documentos/PRODUCCION DE TRABAJO AGOSTO 2026/2026-08-21 VIERNES/REQ 2680-2026 R1.docx": "d9b9f03b53ce707b9cce2c30f002df98879fb117f9c48ec4c9675c465dc5c437",
    "knowledge/private_sources/documentos/PRODUCCION DE TRABAJO AGOSTO 2026/2026-08-21 VIERNES/REQ 2693-2026 R1.docx": "dd2a9922bd892edbfffcacfd66b52700dfd2f8b890c81a578425c1da573e1915",
    "knowledge/private_sources/documentos/PRODUCCION DE TRABAJO AGOSTO 2026/2026-08-21 VIERNES/REQ 2695-2026 R1.docx": "9fbced2441d04437294b3c0cae8895e1283535f93d42a320f96a36b4ffcbf012",
    "knowledge/private_sources/documentos/PRODUCCION DE TRABAJO AGOSTO 2026/2026-08-21 VIERNES/REQ 2696-2026 R1 FISICO.docx": "22fe2e40427b4b0a6cf0664107f63caf2f9ce408a0709ae418f015d2bb111913",
    "knowledge/private_sources/documentos/PRODUCCION DE TRABAJO AGOSTO 2026/2026-08-21 VIERNES/REQ 2699-2026 R1.docx": "655617e78d6af8c4fcac2ff5257d63a9dfbc361cb13cb6c1f3f3693c48cf2218",
    "knowledge/private_sources/documentos/PRODUCCION DE TRABAJO AGOSTO 2026/2026-08-21 VIERNES/REQ 2713-2026 R1.docx": "0e12d2f45c11fadf907dee31449d20faec925776bdcba4d005dde956e8a5b824",
    "knowledge/private_sources/documentos/PRODUCCION DE TRABAJO AGOSTO 2026/2026-08-21 VIERNES/REQ 2723-2026 R1.docx": "5fca1af2f718f6d4768301c19cc49d73de2d4ad19e0bff50b8d9f3b0a704e557",
    "knowledge/private_sources/documentos/PRODUCCION DE TRABAJO AGOSTO 2026/2026-08-21 VIERNES/REQ 2739-2026 R1.docx": "8baf6b214884109bd1ca29fe10f96ad1dd90295487be93763483c1f3a2f28231",
    "knowledge/private_sources/documentos/PRODUCCION DE TRABAJO AGOSTO 2026/2026-08-21 VIERNES/REQ 2744-2026 R1.docx": "de1b1a3e82e067d09186f07ec2493466d411d85932b6ae418d9838e83cb22ab3",
    "knowledge/private_sources/documentos/PRODUCCION DE TRABAJO AGOSTO 2026/2026-08-24 LUNES/ADM 2476-2026 R3.docx": "63e5e39de5b10ad9043691a7a1f567d24d444686ee3c96c74c9119aae6fa4d1d",
    "knowledge/private_sources/documentos/PRODUCCION DE TRABAJO AGOSTO 2026/2026-08-24 LUNES/ADM 2478-2026 R2[F].pdf": "ff7725c72630c0e6f8937287cd6be572db8776b8265bd45ce4f6abaa2e71283c",
    "knowledge/private_sources/documentos/PRODUCCION DE TRABAJO AGOSTO 2026/2026-08-24 LUNES/ADM 2541-2026 R2[F].pdf": "c0b626442c1c2d7eaf8985a08310c144243dc4178e1e31dd85e4098019963a62",
    "knowledge/private_sources/documentos/PRODUCCION DE TRABAJO AGOSTO 2026/2026-08-25 MARTES/ADM 2604-2026 R2.docx": "6b12f0941dea96a55f5ea54125f570af6d9894b4760f34dbbc80620c762c001f",
    "knowledge/private_sources/documentos/PRODUCCION DE TRABAJO AGOSTO 2026/2026-08-25 MARTES/ADM 2628-2026 R1.docx": "80107d1b7a0c6b4821301142783169c18a8c784ceaac9996507ae143f23b38dd",
    "knowledge/private_sources/documentos/PRODUCCION DE TRABAJO AGOSTO 2026/2026-08-25 MARTES/ADM 2638-2026 R2.docx": "294a16e9ab23f337bdf2c04cd591487680cf8686807ffe4f5acecac4386eda88",
    "knowledge/private_sources/documentos/PRODUCCION DE TRABAJO AGOSTO 2026/2026-08-25 MARTES/ADM 2943-2026 R1 - LSQok.docx": "317f942b2ae961fae6234651d8ca64d57afb10677b794956b74b97375eeaf3e7",
    "knowledge/private_sources/documentos/PRODUCCION DE TRABAJO AGOSTO 2026/2026-08-25 MARTES/INAD 2616-2026 R2.docx": "6fd474a9914ad617f9df415320c83c55ed7e9d76e908d91f5b654864f2da448b",
    "knowledge/private_sources/documentos/PRODUCCION DE TRABAJO AGOSTO 2026/2026-08-25 MARTES/RF 384-2026 RXX.docx": "4f8a71dd8534c1bd5351eeeb67f561c129aa810126a96a4315b15c3085239daf",
    "knowledge/private_sources/documentos/PRODUCCION DE TRABAJO AGOSTO 2026/2026-08-26 MIERCOLES/ADM  2688-2026 R1.docx": "7fa10fff5a6bce6908d36559a3c12f15c38217202049aedf74f71edc7ff95563",
    "knowledge/private_sources/documentos/PRODUCCION DE TRABAJO AGOSTO 2026/2026-08-26 MIERCOLES/ADM 2614-2026 R1 3 USB.docx": "323e3d953a24247fab57638bfcd4a1f68f557a3c7e01c1cd4af0b0fb7c9fa638",
    "knowledge/private_sources/documentos/PRODUCCION DE TRABAJO AGOSTO 2026/2026-08-26 MIERCOLES/ADM 2685-2026 R1.docx": "5be9d93b02561efae41677b721ee7fc03a0192eb713d5faedd10c87b13dcc883",
    "knowledge/private_sources/documentos/PRODUCCION DE TRABAJO AGOSTO 2026/2026-08-26 MIERCOLES/ADM 2724-2026 R1.docx": "6f85058de47e555ee150375864a0f6dcfad3c42b85d84beaedd3c0fcd40ac9eb",
    "knowledge/private_sources/documentos/PRODUCCION DE TRABAJO AGOSTO 2026/2026-08-26 MIERCOLES/ADM 2750-2026 R1.docx": "5581f6be585a535972107db4b812d487c3493937be4d85dfe5852ea85c84e739",
    "knowledge/private_sources/documentos/PRODUCCION DE TRABAJO AGOSTO 2026/2026-08-26 MIERCOLES/ADM 2752-2026 R1.docx": "2bb8a73ef50c218f3f12d5558467d9d25c2d765061586ad479b95e98f1e52a8c",
    "knowledge/private_sources/documentos/PRODUCCION DE TRABAJO AGOSTO 2026/2026-08-27 JUEVES/2884-2026-CC1 (DCQ) IMPRO SUSALUD.docx": "6232718771d17fe7213854d86bf3b31c3938089cd279de4757c0a769d0a03ec2",
    "knowledge/private_sources/documentos/PRODUCCION DE TRABAJO AGOSTO 2026/2026-08-27 JUEVES/2957-2026-CC1 (DCQ) - IMPRO SUSALUD.docx": "55a94cde0fe61af91f0790c744071c469aeda052b9f682f4d4ed63cd8acfe496",
    "knowledge/private_sources/documentos/PRODUCCION DE TRABAJO AGOSTO 2026/2026-08-27 JUEVES/IMPRO SUSALUD 2699-2026 RXX.docx": "ad448d638b7f264b54cc5e9b4b1056bc74cb551887822c17c3c7bc939ea69586",
    "knowledge/private_sources/documentos/PRODUCCION DE TRABAJO AGOSTO 2026/2026-08-28 VIERNES/1 prioridad REQ 2765-2026 R1 - LSQok.docx": "ad1dc2d86ff21ac0a9f43efd0ee52beb15d8a12dc2bb9483299f10c4f3930702",
    "knowledge/private_sources/documentos/PRODUCCION DE TRABAJO AGOSTO 2026/2026-08-28 VIERNES/1 prioridad REQ 2784-2026 R1.docx": "31759af7f57a66df9fc61dd6ed815b2c4c8f6be6a8f2ba3a25796969f86175e4",
    "knowledge/private_sources/documentos/PRODUCCION DE TRABAJO AGOSTO 2026/2026-08-28 VIERNES/1 prioridad REQ 2794-2026 R2 urgente.docx": "b96a9caf6cea58cca15b2df3bf233dba4608ec52b170ef111b13e91ac32ba91c",
    "knowledge/private_sources/documentos/PRODUCCION DE TRABAJO AGOSTO 2026/2026-08-28 VIERNES/1 prioridad REQ 2820-2026 R1 FISICOO urgente.docx": "abe1bda7bc3036e6e648c979f06f4b2838b6e248d740ab62dc6971e1a5b8d3c1",
    "knowledge/private_sources/documentos/PRODUCCION DE TRABAJO AGOSTO 2026/2026-08-28 VIERNES/1 prioridad REQ 2826-2026 R1 urgente posible comple.docx": "ced97b0184a00a4d1940141c84e79e7eb95f8bd2f37252eaee893de996311d69",
    "knowledge/private_sources/documentos/PRODUCCION DE TRABAJO AGOSTO 2026/2026-08-28 VIERNES/1 prioridad REQ 2835-2026 R2.docx": "aecde3c256de2ee4ba07f89cadc2f36d2288de83d4c1aa770ea8cf54998c46fa",
    "knowledge/private_sources/documentos/PRODUCCION DE TRABAJO AGOSTO 2026/2026-08-28 VIERNES/1 prioridad REQ 2837-2026 R1.docx": "b7e73ffd86b9d992823137e9aab9ef49512de85bae90347532e6666da8281a1e",
    "knowledge/private_sources/documentos/PRODUCCION DE TRABAJO AGOSTO 2026/2026-08-28 VIERNES/INAD 2696-2026 fisico.docx": "f23546ab2e229ae1964d525d1c92ba8f916f65fa83826e6807218886c088ea59",
    "knowledge/private_sources/documentos/PRODUCCION DE TRABAJO AGOSTO 2026/2026-08-28 VIERNES/INAD 2713-2026.docx": "5575e4ad0b4dc5fa9fd9719af6f04e9a15c8f99900fa22e044ff7e6baa0a31d9",
    "knowledge/private_sources/documentos/PRODUCCION DE TRABAJO AGOSTO 2026/2026-08-28 VIERNES/R1 480-2026-APE.docx": "4306218f48be8f6e1fac2da579dbc71bd44d08feeccbf96275e3307b862db314",
    "knowledge/private_sources/documentos/PRODUCCION DE TRABAJO AGOSTO 2026/2026-08-28 VIERNES/R1 517-2026-APE.docx": "af6aafe683ca97088e32b0cd575b486e76223d10ffa4d27daf7bad7243e0a83a",
    "knowledge/private_sources/documentos/PRODUCCION DE TRABAJO AGOSTO 2026/2026-08-28 VIERNES/R1 531-2026-APE.docx": "20e24a930bd46609c315ba1f544f9b592844fb4d56ebcda7c031519aa861dd89",
    "knowledge/private_sources/documentos/PRODUCCION DE TRABAJO AGOSTO 2026/2026-08-28 VIERNES/R1 541-2026-APE .docx": "e138f1bfaf626782eff72e595adb97d18b01b7fbb34eebae86b287180e25998f",
    "knowledge/private_sources/documentos/PRODUCCION DE TRABAJO AGOSTO 2026/2026-08-28 VIERNES/R1 547-2026-APE.docx": "aba8c41463e6ca4fc70c75a81af545f7b44765fd81c5bdb0561f8000a70cd470",
    "knowledge/private_sources/documentos/PRODUCCION DE TRABAJO AGOSTO 2026/2026-08-28 VIERNES/R1 572-2026-APE .docx": "9277f15cc3dbfe05d77445812e3067be5fe2748e65e30c0363c84cf699a7b527",
    "knowledge/private_sources/documentos/PRODUCCION DE TRABAJO AGOSTO 2026/2026-08-28 VIERNES/R1 593-2026-APE.docx": "6573de0fbd9d9a394f5fdcaf1c945e904777ae226542bf14df37fac040774e1e",
    "knowledge/private_sources/documentos/PRODUCCION DE TRABAJO AGOSTO 2026/2026-08-28 VIERNES/R1 594-2026-APE.docx": "ea4e546e9669dd3cfbab26592ee95fa1c2e9f1332652baa240b371adcb9bd37f",
    "knowledge/private_sources/documentos/PRODUCCION DE TRABAJO AGOSTO 2026/2026-08-28 VIERNES/R1 595-2026-APE.docx": "4101c1d5fb8bbdb3a41af64acb805b80329aea1720ccf6c95dceca1f135b4e45",
    "knowledge/private_sources/documentos/PRODUCCION DE TRABAJO AGOSTO 2026/2026-08-28 VIERNES/RF 384-2026 RXX actualizado (vale medio punto A).docx": "009ffe479ab9675954d27abb44e1b03e4630637937f27f1726ca363fc717495f",
    "knowledge/private_sources/documentos/PRODUCCION DE TRABAJO AGOSTO 2026/2026-08-31 LUNES/1 prioridad REQ 2771-2026 R1.docx": "ccea7a3550a17eb03f57d92419e449bbf672b3a2e24009f907180bce20f9636a",
    "knowledge/private_sources/documentos/PRODUCCION DE TRABAJO AGOSTO 2026/2026-08-31 LUNES/1 prioridad REQ 2785-2026  R1.docx": "e4298e5f98ea26b0453cdc53de58ee13cda78b7707633f8c35f082d7009cfee1",
    "knowledge/private_sources/documentos/PRODUCCION DE TRABAJO AGOSTO 2026/2026-08-31 LUNES/1 prioridad REQ 2787-2026 R1.docx": "2ea01f354233bf4e2859211643a9180b34b3b384656fc323cd01ea1080f28402",
    "knowledge/private_sources/documentos/PRODUCCION DE TRABAJO AGOSTO 2026/2026-08-31 LUNES/1 prioridad REQ 2788-2026 R1.docx": "f84a8d6b20f4cc55f67abf491d29093880853126528758d65797312ce4e0fbea",
    "knowledge/private_sources/documentos/PRODUCCION DE TRABAJO AGOSTO 2026/2026-08-31 LUNES/1 prioridad REQ 2789-2026 R1.docx": "91ae7a42a7942bf4db304f39f66063cf73136e930aa48fadf30c10f72cde6f23",
    "knowledge/private_sources/documentos/PRODUCCION DE TRABAJO AGOSTO 2026/2026-08-31 LUNES/1 prioridad REQ 2790-2026 R1.docx": "794cd74c91a31a37eab5af7ec5b25dbf1f72cbbdc8c654a3aee184223c0e7a30",
    "knowledge/private_sources/documentos/PRODUCCION DE TRABAJO AGOSTO 2026/2026-08-31 LUNES/2373-2026 y 1689-2026 ACUMULACIÓN RXX principal es 1689-2026 .docx": "b4df72e88deedc136bff728540a93cc2b3d7030f0c0ada67f59434dd6aca477b",
    "knowledge/private_sources/documentos/PRODUCCION DE TRABAJO AGOSTO 2026/2026-09-01 MARTES/1 prioridad REQ 2791-2026 R1.docx": "9ffea4b33c093cba865f939edd436b1e14ea03c7128c61863d6279540c31b9af",
    "knowledge/private_sources/documentos/PRODUCCION DE TRABAJO AGOSTO 2026/2026-09-01 MARTES/1 prioridad REQ 2846-2026 R1 FISICOO urgente.docx": "0ce695ce3cb2d746226cfdef0c33298c10ab478877f2565e5e79ecdccf072b95",
    "knowledge/private_sources/documentos/PRODUCCION DE TRABAJO AGOSTO 2026/2026-09-01 MARTES/2 prioridad REQ 2893-2026 R1.docx": "af39a8a87c6375c5bc22f856b8251e9a3492a2430c5953f6347b41c2d560df6e",
    "knowledge/private_sources/documentos/PRODUCCION DE TRABAJO AGOSTO 2026/2026-09-01 MARTES/2 prioridad REQ 2898-2026 R1.docx": "49a5cd35c8b36d8dfe8a3a0becde1074a5c612a31a176230a73923a9b5ec9ceb",
    "knowledge/private_sources/documentos/PRODUCCION DE TRABAJO AGOSTO 2026/2026-09-01 MARTES/2 prioridad REQ 2899-2026 R1.docx": "e739ec064e96876420fa5d8ca7a264f3ee0fa75c62b507c958b69ffd596952ae",
    "knowledge/private_sources/documentos/PRODUCCION DE TRABAJO AGOSTO 2026/2026-09-01 MARTES/3 prioridad REQ 2950-2026 R1.docx": "36d0f64e9c8d9124c212835aa4084128c25b0c7a3f3a567e68bf57dc109a02cc",
    "knowledge/private_sources/documentos/PRODUCCION DE TRABAJO AGOSTO 2026/2026-09-01 MARTES/3 prioridad REQ 2960-2026 R1.docx": "39447803d128ec0cd61e58420bca927020c5e907056902e93b80512bea9e591b",
    "knowledge/private_sources/documentos/PRODUCCION DE TRABAJO AGOSTO 2026/2026-09-01 MARTES/4 prioridad REQ 2886-2026 R2 - RIMAC.docx": "f77e732f03d56cd38e7d7dc9e39c085172f3f44b618e82187713ba528a18aca6",
    "knowledge/private_sources/documentos/PRODUCCION DE TRABAJO AGOSTO 2026/2026-09-02 MIERCOLES/2 prioridad REQ 2889-2026 R1.docx": "0a0e2c5a455e71a1e58ae5faf84c76e08ab40e977c0ae0f8ba1772cd57a60dee",
    "knowledge/private_sources/documentos/PRODUCCION DE TRABAJO AGOSTO 2026/2026-09-02 MIERCOLES/2 prioridad REQ 2890-2026 R1.docx": "1a844f1b1832d35c5c3b8f775bb7edb287c1e06d7c9c0d5cc80dacba2fba4ae9",
    "knowledge/private_sources/documentos/PRODUCCION DE TRABAJO AGOSTO 2026/2026-09-02 MIERCOLES/2 prioridad REQ 2904-2026 R1.docx": "47a7bdca828cdf1b1f533b2a64addb084d6563a196b29ca0c82db3a0d0d3f609",
    "knowledge/private_sources/documentos/PRODUCCION DE TRABAJO AGOSTO 2026/2026-09-02 MIERCOLES/2 prioridad REQ 2905-2026 R1.docx": "47fc9b90da6007cac4282224630135fc3bf258321d64898df6828f7537b4963a",
    "knowledge/private_sources/documentos/PRODUCCION DE TRABAJO AGOSTO 2026/2026-09-03 JUEVES/2997-2026-CC1 (DCQ).docx": "6d7952f9fb3a8f36e21ef6a243170a5b8184133a90a66a008ff9c4b4508dc730",
    "knowledge/private_sources/documentos/PRODUCCION DE TRABAJO AGOSTO 2026/2026-09-03 JUEVES/3 prioridad REQ 2941-2026 R1.docx": "76cd998e40912a4bbfc7daa156fe6d00b8c4058b99ba483a96641324387f6b57",
    "knowledge/private_sources/documentos/PRODUCCION DE TRABAJO AGOSTO 2026/2026-09-03 JUEVES/3 prioridad REQ 2982-2026 R1.docx": "39ebf378c25d03db19cfc91d1a872f589c6dac2dc6367573835f827d761235c1",
    "knowledge/private_sources/documentos/PRODUCCION DE TRABAJO AGOSTO 2026/2026-09-03 JUEVES/3 prioridad REQ 3024-2026 R1.docx": "06b506f57e6bd9f26a1ca1acdce64ba025b87b570062c62837afe0a4e6843c32",
    "knowledge/private_sources/documentos/PRODUCCION DE TRABAJO AGOSTO 2026/2026-09-03 JUEVES/3 prioridad REQ 3040-2026 R1.docx": "1dca3f6eede7bbb81145fd9745d12aa01d21231bfa103cd1c49211c14a95f7b4",
    "knowledge/private_sources/documentos/PRODUCCION DE TRABAJO AGOSTO 2026/2026-09-03 JUEVES/4 prioridad REQ 2894-2026 - RIMAC.docx": "f65e6f8e59314ee881a71105864f80be3c611eb23b086e3db8949685e3c1201b",
    "knowledge/private_sources/documentos/PRODUCCION DE TRABAJO AGOSTO 2026/2026-09-03 JUEVES/4 prioridad REQ 2927-2026 R1.docx": "23a462d59ab1a50a8f7e0d34ca099a9e0ee0794762f12bf18311af90f7ff2923",
    "knowledge/private_sources/documentos/PRODUCCION DE TRABAJO AGOSTO 2026/2026-09-03 JUEVES/5 prioridad REQ 3110-2026 R1.docx": "e5b3f7d2764900be7e5fbf053a5b4c07ccc9ac983f066e86551e270330890282",
    "knowledge/private_sources/documentos/PRODUCCION DE TRABAJO AGOSTO 2026/2026-09-03 JUEVES/5 prioridad REQ 3135-2026 R1.docx": "0e4f4231214fdafc2e0518399191737e1de0c463cba4d474c28637d89f4af8fc",
    "knowledge/private_sources/documentos/PRODUCCION DE TRABAJO AGOSTO 2026/2026-09-03 JUEVES/6 prioridad REQ 2946-2026 R1 - RIMAC.docx": "54ea90b657c17dc53a2777b5ec8f740622521125ee69e871ab2f8fe274c5ae20",
    "knowledge/private_sources/documentos/PRODUCCION DE TRABAJO AGOSTO 2026/2026-09-03 JUEVES/6 prioridad REQ 3012-2026 R1 - RIMAC.docx": "ba7684de02470edc0e85ce4de94d45875ff0e32a97f81f4ab70c883a12fe43c6",
    "knowledge/private_sources/documentos/PRODUCCION DE TRABAJO AGOSTO 2026/2026-09-03 JUEVES/6 prioridad REQ 3057-2026 R1.docx": "ff841c192fd2f345770b332ccdf9e64e98026f2b5a8b340126f94f9264e53d0d",
    "knowledge/private_sources/documentos/PRODUCCION DE TRABAJO AGOSTO 2026/2026-09-03 JUEVES/6 prioridad REQ 3059-2026 R1 RIMAC.docx": "b37d9e660b7388419d535d3b6b37f134f0506fdc94d2f8a7a439ed304d540884",
    "knowledge/private_sources/documentos/PRODUCCION DE TRABAJO AGOSTO 2026/2026-09-03 JUEVES/7 prioridad REQ 2958-2026 R1.docx": "f8ffa55f661b85d3463c0a5108f5dbf05450eb9ac76ef13a3d72a324b8b2410a",
    "knowledge/private_sources/documentos/PRODUCCION DE TRABAJO AGOSTO 2026/2026-09-03 JUEVES/7 prioridad REQ 3017-2026.docx": "b9f8c1d74d6b7640d8246f02510f327e58f1648b833f48e453699c15543cc919",
    "knowledge/private_sources/documentos/PRODUCCION DE TRABAJO AGOSTO 2026/2026-09-03 JUEVES/7 prioridad REQ 3075-2026.docx": "7edd2fed6ad936f101d6f4cccd4b29c9c47febef6351d84a849d5b792ac31c53",
    "knowledge/private_sources/documentos/PRODUCCION DE TRABAJO AGOSTO 2026/2026-09-03 JUEVES/7 prioridad REQ 3076-2026.docx": "4fd5faeae12bc76eaaa20423832841642a168178823966ee0f9c43072d564b38",
    "knowledge/private_sources/documentos/PRODUCCION DE TRABAJO AGOSTO 2026/2026-09-03 JUEVES/7 prioritario REQ 2945-2026 R1.docx": "63c308be2cedec2c3c1a67e183f5d9c3ce617875290a64a9d12f1812ffe01f2f",
    "knowledge/private_sources/documentos/PRODUCCION DE TRABAJO AGOSTO 2026/2026-09-03 JUEVES/8 prioridad REQ 3128-2026 R1.docx": "17fa3fe8360f425ceb047025a790f985c399967f32a7ad33c2073a8e3b98cc6f",
    "knowledge/private_sources/documentos/PRODUCCION DE TRABAJO AGOSTO 2026/2026-09-04 VIERNES/ADM  3038-2026 R1.docx": "6b196e7a7ec81504b008539e4ad62699d3ca838a157d2eeee2758aae575e2d75",
    "knowledge/private_sources/documentos/PRODUCCION DE TRABAJO AGOSTO 2026/2026-09-04 VIERNES/ADM 2671-2026 R2 - LSQok ojooooooo.pdf": "3190b741991df630ce462fac5195c83431929c403bd549578605904499ab8ebd",
    "knowledge/private_sources/documentos/PRODUCCION DE TRABAJO AGOSTO 2026/2026-09-04 VIERNES/ADM 2672-2026 R2 - LSQok ojooooooo.pdf": "12b16ab7f49a79ab2d63762fbc2097922f9e9eb3e617759a4138103c05d21fd6",
    "knowledge/private_sources/documentos/PRODUCCION DE TRABAJO AGOSTO 2026/2026-09-04 VIERNES/ADM 2693-2026 R2.docx": "a0202f711adb80ae44e1b26246f4235bf627f2ff9114dec90ee75fc1554292d1",
    "knowledge/private_sources/documentos/PRODUCCION DE TRABAJO AGOSTO 2026/2026-09-04 VIERNES/ADM 2723-2026 R2.docx": "d3dae36b7102cfd14ce44fd26b7c9d1902c8acf7146009f0bb5192d6084a625f",
    "knowledge/private_sources/documentos/PRODUCCION DE TRABAJO AGOSTO 2026/2026-09-04 VIERNES/ADM 2739-2026 R2.docx": "b7cd4deb1b5cb7311a3f5d636700a05c38234074696bfc534940f6ee1f524284",
    "knowledge/private_sources/documentos/PRODUCCION DE TRABAJO AGOSTO 2026/2026-09-04 VIERNES/ADM 2847-2026 R2.docx": "5876f7354603b60748015aa1cacd0b755b40d4badcdf0bc6b5883a857ad51ac4",
    "knowledge/private_sources/documentos/PRODUCCION DE TRABAJO AGOSTO 2026/2026-09-04 VIERNES/ADM 2873-2026 R1.docx": "db4764b31c0056012c7be1e0dca59a6ea796433becf86f9c723ba29f25c5acda",
    "knowledge/private_sources/documentos/PRODUCCION DE TRABAJO AGOSTO 2026/2026-09-04 VIERNES/ADM 2953-2026 R1.docx": "408abaafb7546b309eb856c6ed8ab0f5bbfc411e79defe3f751f36e0333048f3",
    "knowledge/private_sources/documentos/PRODUCCION DE TRABAJO AGOSTO 2026/2026-09-04 VIERNES/ADM 2972-2026 R1.docx": "da7fa84a72b04906ab01fd04aff88513d31579f94d52601face48cc8b2d22347",
    "knowledge/private_sources/documentos/PRODUCCION DE TRABAJO AGOSTO 2026/2026-09-04 VIERNES/INAD 2695-2026 R2.docx": "67e71bfdf710fa59f40bf742ff9c866994592446f5b9b51af4154219f03e047d",
    "knowledge/private_sources/documentos/PRODUCCION DE TRABAJO AGOSTO 2026/2026-09-04 VIERNES/INAD 2744-2026 R2.docx": "035b0454afbaed0924e8a6f9a3ccd5f994b39e91f98dd6e2e4de17696c60bdc9",
    "knowledge/private_sources/documentos/R1 y devolución expedientes.xlsx": "0ff2fe85d9cb96c0141f9d8d84978209708e88f0756335455f919531600ade9b",
    "knowledge/private_sources/manifest.json": "7594026931aa71128c02fa57ac5de17de94197866906b079fbb6808ac6fee998",
    "knowledge/private_sources/reportes_seguros/2. Sin admitir 28.08.2026.xlsx": "2d631ce5290f3b20506bb383bc51414e6b64a71c846633fecbc15dc0be1b7516",
    "knowledge/private_sources/reportes_seguros/3. Con requerimiento 28.08.2026.xlsx": "0d0bc3c20590f221334eb771cdba394d6e514c3eeb4bc0ef2128e13499c71171",
    "knowledge/private_sources/reportes_seguros/5. Apelaciones sin trámite 28.08.2026.xlsx": "71211e2bfd5c4e451ff501c970b91271baecec05ecb03b1a7a863799e71bf5b7",
    "knowledge/verification-local.json": "e57b5a6f35e8a3ccb4105c78812932e4513e394704b8f1377f7c56d8d93f5b4e",
    "knowledge/verification-main-pr24.json": "5772ab93d35a71d6272aa3b35ea7cb7bed1e397bc47b11cbcd41297c8c030b34",
    "knowledge/verification-megaprompt.json": "7d47b81a69fd30e834d1a549f5b357c037d2173f750f88f7105252fe43a668b8",
    "knowledge/verification-remote.json": "cec8a7cab5d5b478cf830f89e1d5fbc8eed0ec522ab4f8c7a807c0d626c75be7"
  }
}
